{
  "name": "trunk",
  "lockfileVersion": 3,
  "requires": true,
  "packages": {
    "": {
      "dependencies": {
        "fast-blurhash": "^1.1.4"
      }
    },
    "node_modules/fast-blurhash": {
      "version": "1.1.4",
      "resolved": "https://registry.npmjs.org/fast-blurhash/-/fast-blurhash-1.1.4.tgz",
      "integrity": "sha512-xeH121M027hgWHHhHWYYjUmMKl8vCH3PPkXk439ixsP8Bvb/r3UFqg12oMSToD/aSAw8EE6XiTdfZ6M5jaLfzg=="
    }
  }
}
